// !$*UTF8*$!
{
	archiveVersion = 1;
	classes = {
	};
	objectVersion = 50;
	objects = {

/* Begin PBXBuildFile section */
		1D542FE22679FBF400CC8238 /* AppDelegate.swift in Sources */ = {isa = PBXBuildFile; fileRef = 1D542FE12679FBF400CC8238 /* AppDelegate.swift */; };
		1D542FE42679FBF400CC8238 /* SceneDelegate.swift in Sources */ = {isa = PBXBuildFile; fileRef = 1D542FE32679FBF400CC8238 /* SceneDelegate.swift */; };
		1D542FE62679FBF400CC8238 /* ViewController.swift in Sources */ = {isa = PBXBuildFile; fileRef = 1D542FE52679FBF400CC8238 /* ViewController.swift */; };
		1D542FE92679FBF400CC8238 /* Main.storyboard in Resources */ = {isa = PBXBuildFile; fileRef = 1D542FE72679FBF400CC8238 /* Main.storyboard */; };
		1D542FEB2679FBF600CC8238 /* Assets.xcassets in Resources */ = {isa = PBXBuildFile; fileRef = 1D542FEA2679FBF600CC8238 /* Assets.xcassets */; };
		1D542FEE2679FBF600CC8238 /* LaunchScreen.storyboard in Resources */ = {isa = PBXBuildFile; fileRef = 1D542FEC2679FBF600CC8238 /* LaunchScreen.storyboard */; };
		1D542FF62679FF5800CC8238 /* QuizViewController.swift in Sources */ = {isa = PBXBuildFile; fileRef = 1D542FF52679FF5800CC8238 /* QuizViewController.swift */; };
		1D542FF8267A024000CC8238 /* ScoreViewController.swift in Sources */ = {isa = PBXBuildFile; fileRef = 1D542FF7267A024000CC8238 /* ScoreViewController.swift */; };
		1D542FFA267C39AC00CC8238 /* quiz.csv in Resources */ = {isa = PBXBuildFile; fileRef = 1D542FF9267C39AC00CC8238 /* quiz.csv */; };
		1DABA7B626802A4D00EFBF88 /* correct.png in Resources */ = {isa = PBXBuildFile; fileRef = 1DABA7B426802A4D00EFBF88 /* correct.png */; };
		1DABA7B726802A4D00EFBF88 /* incorrect.png in Resources */ = {isa = PBXBuildFile; fileRef = 1DABA7B526802A4D00EFBF88 /* incorrect.png */; };
		1DABA7B92680EC9F00EFBF88 /* SelectLevelViewController.swift in Sources */ = {isa = PBXBuildFile; fileRef = 1DABA7B82680EC9F00EFBF88 /* SelectLevelViewController.swift */; };
		1DABA7BB26823C3F00EFBF88 /* quiz2.csv in Resources */ = {isa = PBXBuildFile; fileRef = 1DABA7BA26823C3F00EFBF88 /* quiz2.csv */; };
		1DABA7BF26823DAE00EFBF88 /* quiz3.csv in Resources */ = {isa = PBXBuildFile; fileRef = 1DABA7BE26823DAE00EFBF88 /* quiz3.csv */; };
		5C60CFD0471C6AD63AF31943 /* Pods_SampleQuiz.framework in Frameworks */ = {isa = PBXBuildFile; fileRef = B2B3703B8B15EDBCCD90BA01 /* Pods_SampleQuiz.framework */; };
/* End PBXBuildFile section */

/* Begin PBXFileReference section */
		1D542FDE2679FBF400CC8238 /* SampleQuiz.app */ = {isa = PBXFileReference; explicitFileType = wrapper.application; includeInIndex = 0; path = SampleQuiz.app; sourceTree = BUILT_PRODUCTS_DIR; };
		1D542FE12679FBF400CC8238 /* AppDelegate.swift */ = {isa = PBXFileReference; lastKnownFileType = sourcecode.swift; path = AppDelegate.swift; sourceTree = "<group>"; };
		1D542FE32679FBF400CC8238 /* SceneDelegate.swift */ = {isa = PBXFileReference; lastKnownFileType = sourcecode.swift; path = SceneDelegate.swift; sourceTree = "<group>"; };
		1D542FE52679FBF400CC8238 /* ViewController.swift */ = {isa = PBXFileReference; lastKnownFileType = sourcecode.swift; path = ViewController.swift; sourceTree = "<group>"; };
		1D542FE82679FBF400CC8238 /* Base */ = {isa = PBXFileReference; lastKnownFileType = file.storyboard; name = Base; path = Base.lproj/Main.storyboard; sourceTree = "<group>"; };
		1D542FEA2679FBF600CC8238 /* Assets.xcassets */ = {isa = PBXFileReference; lastKnownFileType = folder.assetcatalog; path = Assets.xcassets; sourceTree = "<group>"; };
		1D542FED2679FBF600CC8238 /* Base */ = {isa = PBXFileReference; lastKnownFileType = file.storyboard; name = Base; path = Base.lproj/LaunchScreen.storyboard; sourceTree = "<group>"; };
		1D542FEF2679FBF600CC8238 /* Info.plist */ = {isa = PBXFileReference; lastKnownFileType = text.plist.xml; path = Info.plist; sourceTree = "<group>"; };
		1D542FF52679FF5800CC8238 /* QuizViewController.swift */ = {isa = PBXFileReference; lastKnownFileType = sourcecode.swift; path = QuizViewController.swift; sourceTree = "<group>"; };
		1D542FF7267A024000CC8238 /* ScoreViewController.swift */ = {isa = PBXFileReference; lastKnownFileType = sourcecode.swift; path = ScoreViewController.swift; sourceTree = "<group>"; };
		1D542FF9267C39AC00CC8238 /* quiz.csv */ = {isa = PBXFileReference; lastKnownFileType = text; path = quiz.csv; sourceTree = "<group>"; };
		1DABA7B426802A4D00EFBF88 /* correct.png */ = {isa = PBXFileReference; lastKnownFileType = image.png; path = correct.png; sourceTree = "<group>"; };
		1DABA7B526802A4D00EFBF88 /* incorrect.png */ = {isa = PBXFileReference; lastKnownFileType = image.png; path = incorrect.png; sourceTree = "<group>"; };
		1DABA7B82680EC9F00EFBF88 /* SelectLevelViewController.swift */ = {isa = PBXFileReference; lastKnownFileType = sourcecode.swift; path = SelectLevelViewController.swift; sourceTree = "<group>"; };
		1DABA7BA26823C3F00EFBF88 /* quiz2.csv */ = {isa = PBXFileReference; lastKnownFileType = text.xml; path = quiz2.csv; sourceTree = "<group>"; };
		1DABA7BE26823DAE00EFBF88 /* quiz3.csv */ = {isa = PBXFileReference; lastKnownFileType = text.xml; path = quiz3.csv; sourceTree = "<group>"; };
		A44568EAC3DF47A2A717596F /* Pods-SampleQuiz.release.xcconfig */ = {isa = PBXFileReference; includeInIndex = 1; lastKnownFileType = text.xcconfig; name = "Pods-SampleQuiz.release.xcconfig"; path = "Target Support Files/Pods-SampleQuiz/Pods-SampleQuiz.release.xcconfig"; sourceTree = "<group>"; };
		B2B3703B8B15EDBCCD90BA01 /* Pods_SampleQuiz.framework */ = {isa = PBXFileReference; explicitFileType = wrapper.framework; includeInIndex = 0; path = Pods_SampleQuiz.framework; sourceTree = BUILT_PRODUCTS_DIR; };
		DA9EA8ECE0B54C357D433424 /* Pods-SampleQuiz.debug.xcconfig */ = {isa = PBXFileReference; includeInIndex = 1; lastKnownFileType = text.xcconfig; name = "Pods-SampleQuiz.debug.xcconfig"; path = "Target Support Files/Pods-SampleQuiz/Pods-SampleQuiz.debug.xcconfig"; sourceTree = "<group>"; };
/* End PBXFileReference section */

/* Begin PBXFrameworksBuildPhase section */
		1D542FDB2679FBF400CC8238 /* Frameworks */ = {
			isa = PBXFrameworksBuildPhase;
			buildActionMask = 2147483647;
			files = (
				5C60CFD0471C6AD63AF31943 /* Pods_SampleQuiz.framework in Frameworks */,
			);
			runOnlyForDeploymentPostprocessing = 0;
		};
/* End PBXFrameworksBuildPhase section */

/* Begin PBXGroup section */
		1D542FD52679FBF400CC8238 = {
			isa = PBXGroup;
			children = (
				1D542FF9267C39AC00CC8238 /* quiz.csv */,
				1DABA7BA26823C3F00EFBF88 /* quiz2.csv */,
				1DABA7BE26823DAE00EFBF88 /* quiz3.csv */,
				1D542FE02679FBF400CC8238 /* SampleQuiz */,
				1D542FDF2679FBF400CC8238 /* Products */,
				2B94DBE986FD3D7BEF36BD9B /* Pods */,
				217BC25CB8BDFD2A232FCD40 /* Frameworks */,
			);
			sourceTree = "<group>";
		};
		1D542FDF2679FBF400CC8238 /* Products */ = {
			isa = PBXGroup;
			children = (
				1D542FDE2679FBF400CC8238 /* SampleQuiz.app */,
			);
			name = Products;
			sourceTree = "<group>";
		};
		1D542FE02679FBF400CC8238 /* SampleQuiz */ = {
			isa = PBXGroup;
			children = (
				1D542FE12679FBF400CC8238 /* AppDelegate.swift */,
				1D542FE32679FBF400CC8238 /* SceneDelegate.swift */,
				1D542FE52679FBF400CC8238 /* ViewController.swift */,
				1D542FE72679FBF400CC8238 /* Main.storyboard */,
				1DABA7B82680EC9F00EFBF88 /* SelectLevelViewController.swift */,
				1D542FF7267A024000CC8238 /* ScoreViewController.swift */,
				1D542FF52679FF5800CC8238 /* QuizViewController.swift */,
				1D542FEA2679FBF600CC8238 /* Assets.xcassets */,
				1D542FEC2679FBF600CC8238 /* LaunchScreen.storyboard */,
				1D542FEF2679FBF600CC8238 /* Info.plist */,
				1DABA7B326802A4D00EFBF88 /* image */,
			);
			path = SampleQuiz;
			sourceTree = "<group>";
		};
		1DABA7B326802A4D00EFBF88 /* image */ = {
			isa = PBXGroup;
			children = (
				1DABA7B426802A4D00EFBF88 /* correct.png */,
				1DABA7B526802A4D00EFBF88 /* incorrect.png */,
			);
			path = image;
			sourceTree = "<group>";
		};
		217BC25CB8BDFD2A232FCD40 /* Frameworks */ = {
			isa = PBXGroup;
			children = (
				B2B3703B8B15EDBCCD90BA01 /* Pods_SampleQuiz.framework */,
			);
			name = Frameworks;
			sourceTree = "<group>";
		};
		2B94DBE986FD3D7BEF36BD9B /* Pods */ = {
			isa = PBXGroup;
			children = (
				DA9EA8ECE0B54C357D433424 /* Pods-SampleQuiz.debug.xcconfig */,
				A44568EAC3DF47A2A717596F /* Pods-SampleQuiz.release.xcconfig */,
			);
			name = Pods;
			path = Pods;
			sourceTree = "<group>";
		};
/* End PBXGroup section */

/* Begin PBXNativeTarget section */
		1D542FDD2679FBF400CC8238 /* SampleQuiz */ = {
			isa = PBXNativeTarget;
			buildConfigurationList = 1D542FF22679FBF600CC8238 /* Build configuration list for PBXNativeTarget "SampleQuiz" */;
			buildPhases = (
				6FD38F2E3C56E976FAEDF8BD /* [CP] Check Pods Manifest.lock */,
				1D542FDA2679FBF400CC8238 /* Sources */,
				1D542FDB2679FBF400CC8238 /* Frameworks */,
				1D542FDC2679FBF400CC8238 /* Resources */,
				4DB96B78FEF4E2AF0E64929B /* [CP] Embed Pods Frameworks */,
			);
			buildRules = (
			);
			dependencies = (
			);
			name = SampleQuiz;
			productName = SampleQuiz;
			productReference = 1D542FDE2679FBF400CC8238 /* SampleQuiz.app */;
			productType = "com.apple.product-type.application";
		};
/* End PBXNativeTarget section */

/* Begin PBXProject section */
		1D542FD62679FBF400CC8238 /* Project object */ = {
			isa = PBXProject;
			attributes = {
				LastSwiftUpdateCheck = 1250;
				LastUpgradeCheck = 1250;
				TargetAttributes = {
					1D542FDD2679FBF400CC8238 = {
						CreatedOnToolsVersion = 12.5;
					};
				};
			};
			buildConfigurationList = 1D542FD92679FBF400CC8238 /* Build configuration list for PBXProject "SampleQuiz" */;
			compatibilityVersion = "Xcode 9.3";
			developmentRegion = en;
			hasScannedForEncodings = 0;
			knownRegions = (
				en,
				Base,
			);
			mainGroup = 1D542FD52679FBF400CC8238;
			productRefGroup = 1D542FDF2679FBF400CC8238 /* Products */;
			projectDirPath = "";
			projectRoot = "";
			targets = (
				1D542FDD2679FBF400CC8238 /* SampleQuiz */,
			);
		};
/* End PBXProject section */

/* Begin PBXResourcesBuildPhase section */
		1D542FDC2679FBF400CC8238 /* Resources */ = {
			isa = PBXResourcesBuildPhase;
			buildActionMask = 2147483647;
			files = (
				1DABA7BB26823C3F00EFBF88 /* quiz2.csv in Resources */,
				1DABA7B626802A4D00EFBF88 /* correct.png in Resources */,
				1DABA7B726802A4D00EFBF88 /* incorrect.png in Resources */,
				1D542FEE2679FBF600CC8238 /* LaunchScreen.storyboard in Resources */,
				1D542FEB2679FBF600CC8238 /* Assets.xcassets in Resources */,
				1D542FE92679FBF400CC8238 /* Main.storyboard in Resources */,
				1D542FFA267C39AC00CC8238 /* quiz.csv in Resources */,
				1DABA7BF26823DAE00EFBF88 /* quiz3.csv in Resources */,
			);
			runOnlyForDeploymentPostprocessing = 0;
		};
/* End PBXResourcesBuildPhase section */

/* Begin PBXShellScriptBuildPhase section */
		4DB96B78FEF4E2AF0E64929B /* [CP] Embed Pods Frameworks */ = {
			isa = PBXShellScriptBuildPhase;
			buildActionMask = 2147483647;
			files = (
			);
			inputFileListPaths = (
				"${PODS_ROOT}/Target Support Files/Pods-SampleQuiz/Pods-SampleQuiz-frameworks-${CONFIGURATION}-input-files.xcfilelist",
			);
			name = "[CP] Embed Pods Frameworks";
			outputFileListPaths = (
				"${PODS_ROOT}/Target Support Files/Pods-SampleQuiz/Pods-SampleQuiz-frameworks-${CONFIGURATION}-output-files.xcfilelist",
			);
			runOnlyForDeploymentPostprocessing = 0;
			shellPath = /bin/sh;
			shellScript = "\"${PODS_ROOT}/Target Support Files/Pods-SampleQuiz/Pods-SampleQuiz-frameworks.sh\"\n";
			showEnvVarsInLog = 0;
		};
		6FD38F2E3C56E976FAEDF8BD /* [CP] Check Pods Manifest.lock */ = {
			isa = PBXShellScriptBuildPhase;
			buildActionMask = 2147483647;
			files = (
			);
			inputFileListPaths = (
			);
			inputPaths = (
				"${PODS_PODFILE_DIR_PATH}/Podfile.lock",
				"${PODS_ROOT}/Manifest.lock",
			);
			name = "[CP] Check Pods Manifest.lock";
			outputFileListPaths = (
			);
			outputPaths = (
				"$(DERIVED_FILE_DIR)/Pods-SampleQuiz-checkManifestLockResult.txt",
			);
			runOnlyForDeploymentPostprocessing = 0;
			shellPath = /bin/sh;
			shellScript = "diff \"${PODS_PODFILE_DIR_PATH}/Podfile.lock\" \"${PODS_ROOT}/Manifest.lock\" > /dev/null\nif [ $? != 0 ] ; then\n    # print error to STDERR\n    echo \"error: The sandbox is not in sync with the Podfile.lock. Run 'pod install' or update your CocoaPods installation.\" >&2\n    exit 1\nfi\n# This output is used by Xcode 'outputs' to avoid re-running this script phase.\necho \"SUCCESS\" > \"${SCRIPT_OUTPUT_FILE_0}\"\n";
			showEnvVarsInLog = 0;
		};
/* End PBXShellScriptBuildPhase section */

/* Begin PBXSourcesBuildPhase section */
		1D542FDA2679FBF400CC8238 /* Sources */ = {
			isa = PBXSourcesBuildPhase;
			buildActionMask = 2147483647;
			files = (
				1D542FE62679FBF400CC8238 /* ViewController.swift in Sources */,
				1D542FE22679FBF400CC8238 /* AppDelegate.swift in Sources */,
				1D542FF8267A024000CC8238 /* ScoreViewController.swift in Sources */,
				1D542FE42679FBF400CC8238 /* SceneDelegate.swift in Sources */,
				1D542FF62679FF5800CC8238 /* QuizViewController.swift in Sources */,
				1DABA7B92680EC9F00EFBF88 /* SelectLevelViewController.swift in Sources */,
			);
			runOnlyForDeploymentPostprocessing = 0;
		};
/* End PBXSourcesBuildPhase section */

/* Begin PBXVariantGroup section */
		1D542FE72679FBF400CC8238 /* Main.storyboard */ = {
			isa = PBXVariantGroup;
			children = (
				1D542FE82679FBF400CC8238 /* Base */,
			);
			name = Main.storyboard;
			sourceTree = "<group>";
		};
		1D542FEC2679FBF600CC8238 /* LaunchScreen.storyboard */ = {
			isa = PBXVariantGroup;
			children = (
				1D542FED2679FBF600CC8238 /* Base */,
			);
			name = LaunchScreen.storyboard;
			sourceTree = "<group>";
		};
/* End PBXVariantGroup section */

/* Begin XCBuildConfiguration section */
		1D542FF02679FBF600CC8238 /* Debug */ = {
			isa = XCBuildConfiguration;
			buildSettings = {
				ALWAYS_SEARCH_USER_PATHS = NO;
				CLANG_ANALYZER_NONNULL = YES;
				CLANG_ANALYZER_NUMBER_OBJECT_CONVERSION = YES_AGGRESSIVE;
				CLANG_CXX_LANGUAGE_STANDARD = "gnu++14";
				CLANG_CXX_LIBRARY = "libc++";
				CLANG_ENABLE_MODULES = YES;
				CLANG_ENABLE_OBJC_ARC = YES;
				CLANG_ENABLE_OBJC_WEAK = YES;
				CLANG_WARN_BLOCK_CAPTURE_AUTORELEASING = YES;
				CLANG_WARN_BOOL_CONVERSION = YES;
				CLANG_WARN_COMMA = YES;
				CLANG_WARN_CONSTANT_CONVERSION = YES;
				CLANG_WARN_DEPRECATED_OBJC_IMPLEMENTATIONS = YES;
				CLANG_WARN_DIRECT_OBJC_ISA_USAGE = YES_ERROR;
				CLANG_WARN_DOCUMENTATION_COMMENTS = YES;
				CLANG_WARN_EMPTY_BODY = YES;
				CLANG_WARN_ENUM_CONVERSION = YES;
				CLANG_WARN_INFINITE_RECURSION = YES;
				CLANG_WARN_INT_CONVERSION = YES;
				CLANG_WARN_NON_LITERAL_NULL_CONVERSION = YES;
				CLANG_WARN_OBJC_IMPLICIT_RETAIN_SELF = YES;
				CLANG_WARN_OBJC_LITERAL_CONVERSION = YES;
				CLANG_WARN_OBJC_ROOT_CLASS = YES_ERROR;
				CLANG_WARN_QUOTED_INCLUDE_IN_FRAMEWORK_HEADER = YES;
				CLANG_WARN_RANGE_LOOP_ANALYSIS = YES;
				CLANG_WARN_STRICT_PROTOTYPES = YES;
				CLANG_WARN_SUSPICIOUS_MOVE = YES;
				CLANG_WARN_UNGUARDED_AVAILABILITY = YES_AGGRESSIVE;
				CLANG_WARN_UNREACHABLE_CODE = YES;
				CLANG_WARN__DUPLICATE_METHOD_MATCH = YES;
				COPY_PHASE_STRIP = NO;
				DEBUG_INFORMATION_FORMAT = dwarf;
				ENABLE_STRICT_OBJC_MSGSEND = YES;
				ENABLE_TESTABILITY = YES;
				GCC_C_LANGUAGE_STANDARD = gnu11;
				GCC_DYNAMIC_NO_PIC = NO;
				GCC_NO_COMMON_BLOCKS = YES;
				GCC_OPTIMIZATION_LEVEL = 0;
				GCC_PREPROCESSOR_DEFINITIONS = (
					"DEBUG=1",
					"$(inherited)",
				);
				GCC_WARN_64_TO_32_BIT_CONVERSION = YES;
				GCC_WARN_ABOUT_RETURN_TYPE = YES_ERROR;
				GCC_WARN_UNDECLARED_SELECTOR = YES;
				GCC_WARN_UNINITIALIZED_AUTOS = YES_AGGRESSIVE;
				GCC_WARN_UNUSED_FUNCTION = YES;
				GCC_WARN_UNUSED_VARIABLE = YES;
				IPHONEOS_DEPLOYMENT_TARGET = 14.5;
				MTL_ENABLE_DEBUG_INFO = INCLUDE_SOURCE;
				MTL_FAST_MATH = YES;
				ONLY_ACTIVE_ARCH = YES;
				SDKROOT = iphoneos;
				SWIFT_ACTIVE_COMPILATION_CONDITIONS = DEBUG;
				SWIFT_OPTIMIZATION_LEVEL = "-Onone";
			};
			name = Debug;
		};
		1D542FF12679FBF600CC8238 /* Release */ = {
			isa = XCBuildConfiguration;
			buildSettings = {
				ALWAYS_SEARCH_USER_PATHS = NO;
				CLANG_ANALYZER_NONNULL = YES;
				CLANG_ANALYZER_NUMBER_OBJECT_CONVERSION = YES_AGGRESSIVE;
				CLANG_CXX_LANGUAGE_STANDARD = "gnu++14";
				CLANG_CXX_LIBRARY = "libc++";
				CLANG_ENABLE_MODULES = YES;
				CLANG_ENABLE_OBJC_ARC = YES;
				CLANG_ENABLE_OBJC_WEAK = YES;
				CLANG_WARN_BLOCK_CAPTURE_AUTORELEASING = YES;
				CLANG_WARN_BOOL_CONVERSION = YES;
				CLANG_WARN_COMMA = YES;
				CLANG_WARN_CONSTANT_CONVERSION = YES;
				CLANG_WARN_DEPRECATED_OBJC_IMPLEMENTATIONS = YES;
				CLANG_WARN_DIRECT_OBJC_ISA_USAGE = YES_ERROR;
				CLANG_WARN_DOCUMENTATION_COMMENTS = YES;
				CLANG_WARN_EMPTY_BODY = YES;
				CLANG_WARN_ENUM_CONVERSION = YES;
				CLANG_WARN_INFINITE_RECURSION = YES;
				CLANG_WARN_INT_CONVERSION = YES;
				CLANG_WARN_NON_LITERAL_NULL_CONVERSION = YES;
				CLANG_WARN_OBJC_IMPLICIT_RETAIN_SELF = YES;
				CLANG_WARN_OBJC_LITERAL_CONVERSION = YES;
				CLANG_WARN_OBJC_ROOT_CLASS = YES_ERROR;
				CLANG_WARN_QUOTED_INCLUDE_IN_FRAMEWORK_HEADER = YES;
				CLANG_WARN_RANGE_LOOP_ANALYSIS = YES;
				CLANG_WARN_STRICT_PROTOTYPES = YES;
				CLANG_WARN_SUSPICIOUS_MOVE = YES;
				CLANG_WARN_UNGUARDED_AVAILABILITY = YES_AGGRESSIVE;
				CLANG_WARN_UNREACHABLE_CODE = YES;
				CLANG_WARN__DUPLICATE_METHOD_MATCH = YES;
				COPY_PHASE_STRIP = NO;
				DEBUG_INFORMATION_FORMAT = "dwarf-with-dsym";
				ENABLE_NS_ASSERTIONS = NO;
				ENABLE_STRICT_OBJC_MSGSEND = YES;
				GCC_C_LANGUAGE_STANDARD = gnu11;
				GCC_NO_COMMON_BLOCKS = YES;
				GCC_WARN_64_TO_32_BIT_CONVERSION = YES;
				GCC_WARN_ABOUT_RETURN_TYPE = YES_ERROR;
				GCC_WARN_UNDECLARED_SELECTOR = YES;
				GCC_WARN_UNINITIALIZED_AUTOS = YES_AGGRESSIVE;
				GCC_WARN_UNUSED_FUNCTION = YES;
				GCC_WARN_UNUSED_VARIABLE = YES;
				IPHONEOS_DEPLOYMENT_TARGET = 14.5;
				MTL_ENABLE_DEBUG_INFO = NO;
				MTL_FAST_MATH = YES;
				SDKROOT = iphoneos;
				SWIFT_COMPILATION_MODE = wholemodule;
				SWIFT_OPTIMIZATION_LEVEL = "-O";
				VALIDATE_PRODUCT = YES;
			};
			name = Release;
		};
		1D542FF32679FBF600CC8238 /* Debug */ = {
			isa = XCBuildConfiguration;
			baseConfigurationReference = DA9EA8ECE0B54C357D433424 /* Pods-SampleQuiz.debug.xcconfig */;
			buildSettings = {
				ASSETCATALOG_COMPILER_APPICON_NAME = AppIcon;
				ASSETCATALOG_COMPILER_GLOBAL_ACCENT_COLOR_NAME = AccentColor;
				CODE_SIGN_STYLE = Automatic;
				DEVELOPMENT_TEAM = QMB5MG2B6S;
				INFOPLIST_FILE = SampleQuiz/Info.plist;
				LD_RUNPATH_SEARCH_PATHS = (
					"$(inherited)",
					"@executable_path/Frameworks",
				);
				PRODUCT_BUNDLE_IDENTIFIER = L.K.theobro0607.SampleQuiz;
				PRODUCT_NAME = "$(TARGET_NAME)";
				SWIFT_VERSION = 5.0;
				TARGETED_DEVICE_FAMILY = "1,2";
			};
			name = Debug;
		};
		1D542FF42679FBF600CC8238 /* Release */ = {
			isa = XCBuildConfiguration;
			baseConfigurationReference = A44568EAC3DF47A2A717596F /* Pods-SampleQuiz.release.xcconfig */;
			buildSettings = {
				ASSETCATALOG_COMPILER_APPICON_NAME = AppIcon;
				ASSETCATALOG_COMPILER_GLOBAL_ACCENT_COLOR_NAME = AccentColor;
				CODE_SIGN_STYLE = Automatic;
				DEVELOPMENT_TEAM = QMB5MG2B6S;
				INFOPLIST_FILE = SampleQuiz/Info.plist;
				LD_RUNPATH_SEARCH_PATHS = (
					"$(inherited)",
					"@executable_path/Frameworks",
				);
				PRODUCT_BUNDLE_IDENTIFIER = L.K.theobro0607.SampleQuiz;
				PRODUCT_NAME = "$(TARGET_NAME)";
				SWIFT_VERSION = 5.0;
				TARGETED_DEVICE_FAMILY = "1,2";
			};
			name = Release;
		};
/* End XCBuildConfiguration section */

/* Begin XCConfigurationList section */
		1D542FD92679FBF400CC8238 /* Build configuration list for PBXProject "SampleQuiz" */ = {
			isa = XCConfigurationList;
			buildConfigurations = (
				1D542FF02679FBF600CC8238 /* Debug */,
				1D542FF12679FBF600CC8238 /* Release */,
			);
			defaultConfigurationIsVisible = 0;
			defaultConfigurationName = Release;
		};
		1D542FF22679FBF600CC8238 /* Build configuration list for PBXNativeTarget "SampleQuiz" */ = {
			isa = XCConfigurationList;
			buildConfigurations = (
				1D542FF32679FBF600CC8238 /* Debug */,
				1D542FF42679FBF600CC8238 /* Release */,
			);
			defaultConfigurationIsVisible = 0;
			defaultConfigurationName = Release;
		};
/* End XCConfigurationList section */
	};
	rootObject = 1D542FD62679FBF400CC8238 /* Project object */;
}
